
Microsoft Visual Studio Solution File, Format Version 12.00
# Visual Studio 15
VisualStudioVersion = 15.0.27428.2005
MinimumVisualStudioVersion = 10.0.40219.1
Project("{FAE04EC0-301F-11D3-BF4B-00C04F79EFBC}") = "FlyoverApp.Android", "FlyoverApp\FlyoverApp.Android\FlyoverApp.Android.csproj", "{058380BD-C5E3-47C2-8BA4-54C22DF6A76B}"
EndProject
Project("{FAE04EC0-301F-11D3-BF4B-00C04F79EFBC}") = "FlyoverApp.iOS", "FlyoverApp\FlyoverApp.iOS\FlyoverApp.iOS.csproj", "{879B40E8-910B-4F09-BC35-943F71296E23}"
EndProject
Project("{FAE04EC0-301F-11D3-BF4B-00C04F79EFBC}") = "FlyoverApp.UWP", "FlyoverApp\FlyoverApp.UWP\FlyoverApp.UWP.csproj", "{025F7A99-528C-49D7-9C19-0951F5E9E2D2}"
EndProject
Project("{FAE04EC0-301F-11D3-BF4B-00C04F79EFBC}") = "FlyoverApp", "FlyoverApp\FlyoverApp\FlyoverApp.csproj", "{257F09BE-170B-4FD4-B550-6AAF226A96FA}"
EndProject
Global
	GlobalSection(SolutionConfigurationPlatforms) = preSolution
		Ad-Hoc|Any CPU = Ad-Hoc|Any CPU
		Ad-Hoc|ARM = Ad-Hoc|ARM
		Ad-Hoc|iPhone = Ad-Hoc|iPhone
		Ad-Hoc|iPhoneSimulator = Ad-Hoc|iPhoneSimulator
		Ad-Hoc|x64 = Ad-Hoc|x64
		Ad-Hoc|x86 = Ad-Hoc|x86
		AppStore|Any CPU = AppStore|Any CPU
		AppStore|ARM = AppStore|ARM
		AppStore|iPhone = AppStore|iPhone
		AppStore|iPhoneSimulator = AppStore|iPhoneSimulator
		AppStore|x64 = AppStore|x64
		AppStore|x86 = AppStore|x86
		Debug|Any CPU = Debug|Any CPU
		Debug|ARM = Debug|ARM
		Debug|iPhone = Debug|iPhone
		Debug|iPhoneSimulator = Debug|iPhoneSimulator
		Debug|x64 = Debug|x64
		Debug|x86 = Debug|x86
		Release|Any CPU = Release|Any CPU
		Release|ARM = Release|ARM
		Release|iPhone = Release|iPhone
		Release|iPhoneSimulator = Release|iPhoneSimulator
		Release|x64 = Release|x64
		Release|x86 = Release|x86
	EndGlobalSection
	GlobalSection(ProjectConfigurationPlatforms) = postSolution
		{058380BD-C5E3-47C2-8BA4-54C22DF6A76B}.Ad-Hoc|Any CPU.ActiveCfg = Release|Any CPU
		{058380BD-C5E3-47C2-8BA4-54C22DF6A76B}.Ad-Hoc|Any CPU.Build.0 = Release|Any CPU
		{058380BD-C5E3-47C2-8BA4-54C22DF6A76B}.Ad-Hoc|Any CPU.Deploy.0 = Release|Any CPU
		{058380BD-C5E3-47C2-8BA4-54C22DF6A76B}.Ad-Hoc|ARM.ActiveCfg = Release|Any CPU
		{058380BD-C5E3-47C2-8BA4-54C22DF6A76B}.Ad-Hoc|ARM.Build.0 = Release|Any CPU
		{058380BD-C5E3-47C2-8BA4-54C22DF6A76B}.Ad-Hoc|ARM.Deploy.0 = Release|Any CPU
		{058380BD-C5E3-47C2-8BA4-54C22DF6A76B}.Ad-Hoc|iPhone.ActiveCfg = Release|Any CPU
		{058380BD-C5E3-47C2-8BA4-54C22DF6A76B}.Ad-Hoc|iPhone.Build.0 = Release|Any CPU
		{058380BD-C5E3-47C2-8BA4-54C22DF6A76B}.Ad-Hoc|iPhone.Deploy.0 = Release|Any CPU
		{058380BD-C5E3-47C2-8BA4-54C22DF6A76B}.Ad-Hoc|iPhoneSimulator.ActiveCfg = Release|Any CPU
		{058380BD-C5E3-47C2-8BA4-54C22DF6A76B}.Ad-Hoc|iPhoneSimulator.Build.0 = Release|Any CPU
		{058380BD-C5E3-47C2-8BA4-54C22DF6A76B}.Ad-Hoc|iPhoneSimulator.Deploy.0 = Release|Any CPU
		{058380BD-C5E3-47C2-8BA4-54C22DF6A76B}.Ad-Hoc|x64.ActiveCfg = Release|Any CPU
		{058380BD-C5E3-47C2-8BA4-54C22DF6A76B}.Ad-Hoc|x64.Build.0 = Release|Any CPU
		{058380BD-C5E3-47C2-8BA4-54C22DF6A76B}.Ad-Hoc|x64.Deploy.0 = Release|Any CPU
		{058380BD-C5E3-47C2-8BA4-54C22DF6A76B}.Ad-Hoc|x86.ActiveCfg = Release|Any CPU
		{058380BD-C5E3-47C2-8BA4-54C22DF6A76B}.Ad-Hoc|x86.Build.0 = Release|Any CPU
		{058380BD-C5E3-47C2-8BA4-54C22DF6A76B}.Ad-Hoc|x86.Deploy.0 = Release|Any CPU
		{058380BD-C5E3-47C2-8BA4-54C22DF6A76B}.AppStore|Any CPU.ActiveCfg = Release|Any CPU
		{058380BD-C5E3-47C2-8BA4-54C22DF6A76B}.AppStore|Any CPU.Build.0 = Release|Any CPU
		{058380BD-C5E3-47C2-8BA4-54C22DF6A76B}.AppStore|Any CPU.Deploy.0 = Release|Any CPU
		{058380BD-C5E3-47C2-8BA4-54C22DF6A76B}.AppStore|ARM.ActiveCfg = Release|Any CPU
		{058380BD-C5E3-47C2-8BA4-54C22DF6A76B}.AppStore|ARM.Build.0 = Release|Any CPU
		{058380BD-C5E3-47C2-8BA4-54C22DF6A76B}.AppStore|ARM.Deploy.0 = Release|Any CPU
		{058380BD-C5E3-47C2-8BA4-54C22DF6A76B}.AppStore|iPhone.ActiveCfg = Release|Any CPU
		{058380BD-C5E3-47C2-8BA4-54C22DF6A76B}.AppStore|iPhone.Build.0 = Release|Any CPU
		{058380BD-C5E3-47C2-8BA4-54C22DF6A76B}.AppStore|iPhone.Deploy.0 = Release|Any CPU
		{058380BD-C5E3-47C2-8BA4-54C22DF6A76B}.AppStore|iPhoneSimulator.ActiveCfg = Release|Any CPU
		{058380BD-C5E3-47C2-8BA4-54C22DF6A76B}.AppStore|iPhoneSimulator.Build.0 = Release|Any CPU
		{058380BD-C5E3-47C2-8BA4-54C22DF6A76B}.AppStore|iPhoneSimulator.Deploy.0 = Release|Any CPU
		{058380BD-C5E3-47C2-8BA4-54C22DF6A76B}.AppStore|x64.ActiveCfg = Release|Any CPU
		{058380BD-C5E3-47C2-8BA4-54C22DF6A76B}.AppStore|x64.Build.0 = Release|Any CPU
		{058380BD-C5E3-47C2-8BA4-54C22DF6A76B}.AppStore|x64.Deploy.0 = Release|Any CPU
		{058380BD-C5E3-47C2-8BA4-54C22DF6A76B}.AppStore|x86.ActiveCfg = Release|Any CPU
		{058380BD-C5E3-47C2-8BA4-54C22DF6A76B}.AppStore|x86.Build.0 = Release|Any CPU
		{058380BD-C5E3-47C2-8BA4-54C22DF6A76B}.AppStore|x86.Deploy.0 = Release|Any CPU
		{058380BD-C5E3-47C2-8BA4-54C22DF6A76B}.Debug|Any CPU.ActiveCfg = Debug|Any CPU
		{058380BD-C5E3-47C2-8BA4-54C22DF6A76B}.Debug|Any CPU.Build.0 = Debug|Any CPU
		{058380BD-C5E3-47C2-8BA4-54C22DF6A76B}.Debug|Any CPU.Deploy.0 = Debug|Any CPU
		{058380BD-C5E3-47C2-8BA4-54C22DF6A76B}.Debug|ARM.ActiveCfg = Debug|Any CPU
		{058380BD-C5E3-47C2-8BA4-54C22DF6A76B}.Debug|ARM.Build.0 = Debug|Any CPU
		{058380BD-C5E3-47C2-8BA4-54C22DF6A76B}.Debug|ARM.Deploy.0 = Debug|Any CPU
		{058380BD-C5E3-47C2-8BA4-54C22DF6A76B}.Debug|iPhone.ActiveCfg = Debug|Any CPU
		{058380BD-C5E3-47C2-8BA4-54C22DF6A76B}.Debug|iPhone.Build.0 = Debug|Any CPU
		{058380BD-C5E3-47C2-8BA4-54C22DF6A76B}.Debug|iPhone.Deploy.0 = Debug|Any CPU
		{058380BD-C5E3-47C2-8BA4-54C22DF6A76B}.Debug|iPhoneSimulator.ActiveCfg = Debug|Any CPU
		{058380BD-C5E3-47C2-8BA4-54C22DF6A76B}.Debug|iPhoneSimulator.Build.0 = Debug|Any CPU
		{058380BD-C5E3-47C2-8BA4-54C22DF6A76B}.Debug|iPhoneSimulator.Deploy.0 = Debug|Any CPU
		{058380BD-C5E3-47C2-8BA4-54C22DF6A76B}.Debug|x64.ActiveCfg = Debug|Any CPU
		{058380BD-C5E3-47C2-8BA4-54C22DF6A76B}.Debug|x64.Build.0 = Debug|Any CPU
		{058380BD-C5E3-47C2-8BA4-54C22DF6A76B}.Debug|x64.Deploy.0 = Debug|Any CPU
		{058380BD-C5E3-47C2-8BA4-54C22DF6A76B}.Debug|x86.ActiveCfg = Debug|Any CPU
		{058380BD-C5E3-47C2-8BA4-54C22DF6A76B}.Debug|x86.Build.0 = Debug|Any CPU
		{058380BD-C5E3-47C2-8BA4-54C22DF6A76B}.Debug|x86.Deploy.0 = Debug|Any CPU
		{058380BD-C5E3-47C2-8BA4-54C22DF6A76B}.Release|Any CPU.ActiveCfg = Release|Any CPU
		{058380BD-C5E3-47C2-8BA4-54C22DF6A76B}.Release|Any CPU.Build.0 = Release|Any CPU
		{058380BD-C5E3-47C2-8BA4-54C22DF6A76B}.Release|Any CPU.Deploy.0 = Release|Any CPU
		{058380BD-C5E3-47C2-8BA4-54C22DF6A76B}.Release|ARM.ActiveCfg = Release|Any CPU
		{058380BD-C5E3-47C2-8BA4-54C22DF6A76B}.Release|ARM.Build.0 = Release|Any CPU
		{058380BD-C5E3-47C2-8BA4-54C22DF6A76B}.Release|ARM.Deploy.0 = Release|Any CPU
		{058380BD-C5E3-47C2-8BA4-54C22DF6A76B}.Release|iPhone.ActiveCfg = Release|Any CPU
		{058380BD-C5E3-47C2-8BA4-54C22DF6A76B}.Release|iPhone.Build.0 = Release|Any CPU
		{058380BD-C5E3-47C2-8BA4-54C22DF6A76B}.Release|iPhone.Deploy.0 = Release|Any CPU
		{058380BD-C5E3-47C2-8BA4-54C22DF6A76B}.Release|iPhoneSimulator.ActiveCfg = Release|Any CPU
		{058380BD-C5E3-47C2-8BA4-54C22DF6A76B}.Release|iPhoneSimulator.Build.0 = Release|Any CPU
		{058380BD-C5E3-47C2-8BA4-54C22DF6A76B}.Release|iPhoneSimulator.Deploy.0 = Release|Any CPU
		{058380BD-C5E3-47C2-8BA4-54C22DF6A76B}.Release|x64.ActiveCfg = Release|Any CPU
		{058380BD-C5E3-47C2-8BA4-54C22DF6A76B}.Release|x64.Build.0 = Release|Any CPU
		{058380BD-C5E3-47C2-8BA4-54C22DF6A76B}.Release|x64.Deploy.0 = Release|Any CPU
		{058380BD-C5E3-47C2-8BA4-54C22DF6A76B}.Release|x86.ActiveCfg = Release|Any CPU
		{058380BD-C5E3-47C2-8BA4-54C22DF6A76B}.Release|x86.Build.0 = Release|Any CPU
		{058380BD-C5E3-47C2-8BA4-54C22DF6A76B}.Release|x86.Deploy.0 = Release|Any CPU
		{879B40E8-910B-4F09-BC35-943F71296E23}.Ad-Hoc|Any CPU.ActiveCfg = Ad-Hoc|iPhone
		{879B40E8-910B-4F09-BC35-943F71296E23}.Ad-Hoc|ARM.ActiveCfg = Ad-Hoc|iPhone
		{879B40E8-910B-4F09-BC35-943F71296E23}.Ad-Hoc|iPhone.ActiveCfg = Ad-Hoc|iPhone
		{879B40E8-910B-4F09-BC35-943F71296E23}.Ad-Hoc|iPhone.Build.0 = Ad-Hoc|iPhone
		{879B40E8-910B-4F09-BC35-943F71296E23}.Ad-Hoc|iPhoneSimulator.ActiveCfg = Ad-Hoc|iPhoneSimulator
		{879B40E8-910B-4F09-BC35-943F71296E23}.Ad-Hoc|iPhoneSimulator.Build.0 = Ad-Hoc|iPhoneSimulator
		{879B40E8-910B-4F09-BC35-943F71296E23}.Ad-Hoc|x64.ActiveCfg = Ad-Hoc|iPhone
		{879B40E8-910B-4F09-BC35-943F71296E23}.Ad-Hoc|x86.ActiveCfg = Ad-Hoc|iPhone
		{879B40E8-910B-4F09-BC35-943F71296E23}.AppStore|Any CPU.ActiveCfg = AppStore|iPhone
		{879B40E8-910B-4F09-BC35-943F71296E23}.AppStore|ARM.ActiveCfg = AppStore|iPhone
		{879B40E8-910B-4F09-BC35-943F71296E23}.AppStore|iPhone.ActiveCfg = AppStore|iPhone
		{879B40E8-910B-4F09-BC35-943F71296E23}.AppStore|iPhone.Build.0 = AppStore|iPhone
		{879B40E8-910B-4F09-BC35-943F71296E23}.AppStore|iPhoneSimulator.ActiveCfg = AppStore|iPhoneSimulator
		{879B40E8-910B-4F09-BC35-943F71296E23}.AppStore|iPhoneSimulator.Build.0 = AppStore|iPhoneSimulator
		{879B40E8-910B-4F09-BC35-943F71296E23}.AppStore|x64.ActiveCfg = AppStore|iPhone
		{879B40E8-910B-4F09-BC35-943F71296E23}.AppStore|x86.ActiveCfg = AppStore|iPhone
		{879B40E8-910B-4F09-BC35-943F71296E23}.Debug|Any CPU.ActiveCfg = Debug|iPhone
		{879B40E8-910B-4F09-BC35-943F71296E23}.Debug|ARM.ActiveCfg = Debug|iPhone
		{879B40E8-910B-4F09-BC35-943F71296E23}.Debug|iPhone.ActiveCfg = Debug|iPhone
		{879B40E8-910B-4F09-BC35-943F71296E23}.Debug|iPhone.Build.0 = Debug|iPhone
		{879B40E8-910B-4F09-BC35-943F71296E23}.Debug|iPhoneSimulator.ActiveCfg = Debug|iPhoneSimulator
		{879B40E8-910B-4F09-BC35-943F71296E23}.Debug|iPhoneSimulator.Build.0 = Debug|iPhoneSimulator
		{879B40E8-910B-4F09-BC35-943F71296E23}.Debug|x64.ActiveCfg = Debug|iPhone
		{879B40E8-910B-4F09-BC35-943F71296E23}.Debug|x86.ActiveCfg = Debug|iPhone
		{879B40E8-910B-4F09-BC35-943F71296E23}.Release|Any CPU.ActiveCfg = Release|iPhone
		{879B40E8-910B-4F09-BC35-943F71296E23}.Release|ARM.ActiveCfg = Release|iPhone
		{879B40E8-910B-4F09-BC35-943F71296E23}.Release|iPhone.ActiveCfg = Release|iPhone
		{879B40E8-910B-4F09-BC35-943F71296E23}.Release|iPhone.Build.0 = Release|iPhone
		{879B40E8-910B-4F09-BC35-943F71296E23}.Release|iPhoneSimulator.ActiveCfg = Release|iPhoneSimulator
		{879B40E8-910B-4F09-BC35-943F71296E23}.Release|iPhoneSimulator.Build.0 = Release|iPhoneSimulator
		{879B40E8-910B-4F09-BC35-943F71296E23}.Release|x64.ActiveCfg = Release|iPhone
		{879B40E8-910B-4F09-BC35-943F71296E23}.Release|x86.ActiveCfg = Release|iPhone
		{025F7A99-528C-49D7-9C19-0951F5E9E2D2}.Ad-Hoc|Any CPU.ActiveCfg = Release|x86
		{025F7A99-528C-49D7-9C19-0951F5E9E2D2}.Ad-Hoc|Any CPU.Build.0 = Release|x86
		{025F7A99-528C-49D7-9C19-0951F5E9E2D2}.Ad-Hoc|Any CPU.Deploy.0 = Release|x86
		{025F7A99-528C-49D7-9C19-0951F5E9E2D2}.Ad-Hoc|ARM.ActiveCfg = Release|ARM
		{025F7A99-528C-49D7-9C19-0951F5E9E2D2}.Ad-Hoc|ARM.Build.0 = Release|ARM
		{025F7A99-528C-49D7-9C19-0951F5E9E2D2}.Ad-Hoc|ARM.Deploy.0 = Release|ARM
		{025F7A99-528C-49D7-9C19-0951F5E9E2D2}.Ad-Hoc|iPhone.ActiveCfg = Release|x86
		{025F7A99-528C-49D7-9C19-0951F5E9E2D2}.Ad-Hoc|iPhone.Build.0 = Release|x86
		{025F7A99-528C-49D7-9C19-0951F5E9E2D2}.Ad-Hoc|iPhone.Deploy.0 = Release|x86
		{025F7A99-528C-49D7-9C19-0951F5E9E2D2}.Ad-Hoc|iPhoneSimulator.ActiveCfg = Release|x86
		{025F7A99-528C-49D7-9C19-0951F5E9E2D2}.Ad-Hoc|iPhoneSimulator.Build.0 = Release|x86
		{025F7A99-528C-49D7-9C19-0951F5E9E2D2}.Ad-Hoc|iPhoneSimulator.Deploy.0 = Release|x86
		{025F7A99-528C-49D7-9C19-0951F5E9E2D2}.Ad-Hoc|x64.ActiveCfg = Release|x64
		{025F7A99-528C-49D7-9C19-0951F5E9E2D2}.Ad-Hoc|x64.Build.0 = Release|x64
		{025F7A99-528C-49D7-9C19-0951F5E9E2D2}.Ad-Hoc|x64.Deploy.0 = Release|x64
		{025F7A99-528C-49D7-9C19-0951F5E9E2D2}.Ad-Hoc|x86.ActiveCfg = Release|x86
		{025F7A99-528C-49D7-9C19-0951F5E9E2D2}.Ad-Hoc|x86.Build.0 = Release|x86
		{025F7A99-528C-49D7-9C19-0951F5E9E2D2}.Ad-Hoc|x86.Deploy.0 = Release|x86
		{025F7A99-528C-49D7-9C19-0951F5E9E2D2}.AppStore|Any CPU.ActiveCfg = Release|x86
		{025F7A99-528C-49D7-9C19-0951F5E9E2D2}.AppStore|Any CPU.Build.0 = Release|x86
		{025F7A99-528C-49D7-9C19-0951F5E9E2D2}.AppStore|Any CPU.Deploy.0 = Release|x86
		{025F7A99-528C-49D7-9C19-0951F5E9E2D2}.AppStore|ARM.ActiveCfg = Release|ARM
		{025F7A99-528C-49D7-9C19-0951F5E9E2D2}.AppStore|ARM.Build.0 = Release|ARM
		{025F7A99-528C-49D7-9C19-0951F5E9E2D2}.AppStore|ARM.Deploy.0 = Release|ARM
		{025F7A99-528C-49D7-9C19-0951F5E9E2D2}.AppStore|iPhone.ActiveCfg = Release|x86
		{025F7A99-528C-49D7-9C19-0951F5E9E2D2}.AppStore|iPhone.Build.0 = Release|x86
		{025F7A99-528C-49D7-9C19-0951F5E9E2D2}.AppStore|iPhone.Deploy.0 = Release|x86
		{025F7A99-528C-49D7-9C19-0951F5E9E2D2}.AppStore|iPhoneSimulator.ActiveCfg = Release|x86
		{025F7A99-528C-49D7-9C19-0951F5E9E2D2}.AppStore|iPhoneSimulator.Build.0 = Release|x86
		{025F7A99-528C-49D7-9C19-0951F5E9E2D2}.AppStore|iPhoneSimulator.Deploy.0 = Release|x86
		{025F7A99-528C-49D7-9C19-0951F5E9E2D2}.AppStore|x64.ActiveCfg = Release|x64
		{025F7A99-528C-49D7-9C19-0951F5E9E2D2}.AppStore|x64.Build.0 = Release|x64
		{025F7A99-528C-49D7-9C19-0951F5E9E2D2}.AppStore|x64.Deploy.0 = Release|x64
		{025F7A99-528C-49D7-9C19-0951F5E9E2D2}.AppStore|x86.ActiveCfg = Release|x86
		{025F7A99-528C-49D7-9C19-0951F5E9E2D2}.AppStore|x86.Build.0 = Release|x86
		{025F7A99-528C-49D7-9C19-0951F5E9E2D2}.AppStore|x86.Deploy.0 = Release|x86
		{025F7A99-528C-49D7-9C19-0951F5E9E2D2}.Debug|Any CPU.ActiveCfg = Debug|x86
		{025F7A99-528C-49D7-9C19-0951F5E9E2D2}.Debug|ARM.ActiveCfg = Debug|ARM
		{025F7A99-528C-49D7-9C19-0951F5E9E2D2}.Debug|ARM.Build.0 = Debug|ARM
		{025F7A99-528C-49D7-9C19-0951F5E9E2D2}.Debug|ARM.Deploy.0 = Debug|ARM
		{025F7A99-528C-49D7-9C19-0951F5E9E2D2}.Debug|iPhone.ActiveCfg = Debug|x86
		{025F7A99-528C-49D7-9C19-0951F5E9E2D2}.Debug|iPhoneSimulator.ActiveCfg = Debug|x86
		{025F7A99-528C-49D7-9C19-0951F5E9E2D2}.Debug|x64.ActiveCfg = Debug|x64
		{025F7A99-528C-49D7-9C19-0951F5E9E2D2}.Debug|x64.Build.0 = Debug|x64
		{025F7A99-528C-49D7-9C19-0951F5E9E2D2}.Debug|x64.Deploy.0 = Debug|x64
		{025F7A99-528C-49D7-9C19-0951F5E9E2D2}.Debug|x86.ActiveCfg = Debug|x86
		{025F7A99-528C-49D7-9C19-0951F5E9E2D2}.Debug|x86.Build.0 = Debug|x86
		{025F7A99-528C-49D7-9C19-0951F5E9E2D2}.Debug|x86.Deploy.0 = Debug|x86
		{025F7A99-528C-49D7-9C19-0951F5E9E2D2}.Release|Any CPU.ActiveCfg = Release|x86
		{025F7A99-528C-49D7-9C19-0951F5E9E2D2}.Release|ARM.ActiveCfg = Release|ARM
		{025F7A99-528C-49D7-9C19-0951F5E9E2D2}.Release|ARM.Build.0 = Release|ARM
		{025F7A99-528C-49D7-9C19-0951F5E9E2D2}.Release|ARM.Deploy.0 = Release|ARM
		{025F7A99-528C-49D7-9C19-0951F5E9E2D2}.Release|iPhone.ActiveCfg = Release|x86
		{025F7A99-528C-49D7-9C19-0951F5E9E2D2}.Release|iPhoneSimulator.ActiveCfg = Release|x86
		{025F7A99-528C-49D7-9C19-0951F5E9E2D2}.Release|x64.ActiveCfg = Release|x64
		{025F7A99-528C-49D7-9C19-0951F5E9E2D2}.Release|x64.Build.0 = Release|x64
		{025F7A99-528C-49D7-9C19-0951F5E9E2D2}.Release|x64.Deploy.0 = Release|x64
		{025F7A99-528C-49D7-9C19-0951F5E9E2D2}.Release|x86.ActiveCfg = Release|x86
		{025F7A99-528C-49D7-9C19-0951F5E9E2D2}.Release|x86.Build.0 = Release|x86
		{025F7A99-528C-49D7-9C19-0951F5E9E2D2}.Release|x86.Deploy.0 = Release|x86
		{257F09BE-170B-4FD4-B550-6AAF226A96FA}.Ad-Hoc|Any CPU.ActiveCfg = Debug|Any CPU
		{257F09BE-170B-4FD4-B550-6AAF226A96FA}.Ad-Hoc|Any CPU.Build.0 = Debug|Any CPU
		{257F09BE-170B-4FD4-B550-6AAF226A96FA}.Ad-Hoc|ARM.ActiveCfg = Debug|Any CPU
		{257F09BE-170B-4FD4-B550-6AAF226A96FA}.Ad-Hoc|ARM.Build.0 = Debug|Any CPU
		{257F09BE-170B-4FD4-B550-6AAF226A96FA}.Ad-Hoc|iPhone.ActiveCfg = Debug|Any CPU
		{257F09BE-170B-4FD4-B550-6AAF226A96FA}.Ad-Hoc|iPhone.Build.0 = Debug|Any CPU
		{257F09BE-170B-4FD4-B550-6AAF226A96FA}.Ad-Hoc|iPhoneSimulator.ActiveCfg = Debug|Any CPU
		{257F09BE-170B-4FD4-B550-6AAF226A96FA}.Ad-Hoc|iPhoneSimulator.Build.0 = Debug|Any CPU
		{257F09BE-170B-4FD4-B550-6AAF226A96FA}.Ad-Hoc|x64.ActiveCfg = Debug|Any CPU
		{257F09BE-170B-4FD4-B550-6AAF226A96FA}.Ad-Hoc|x64.Build.0 = Debug|Any CPU
		{257F09BE-170B-4FD4-B550-6AAF226A96FA}.Ad-Hoc|x86.ActiveCfg = Debug|Any CPU
		{257F09BE-170B-4FD4-B550-6AAF226A96FA}.Ad-Hoc|x86.Build.0 = Debug|Any CPU
		{257F09BE-170B-4FD4-B550-6AAF226A96FA}.AppStore|Any CPU.ActiveCfg = Debug|Any CPU
		{257F09BE-170B-4FD4-B550-6AAF226A96FA}.AppStore|Any CPU.Build.0 = Debug|Any CPU
		{257F09BE-170B-4FD4-B550-6AAF226A96FA}.AppStore|ARM.ActiveCfg = Debug|Any CPU
		{257F09BE-170B-4FD4-B550-6AAF226A96FA}.AppStore|ARM.Build.0 = Debug|Any CPU
		{257F09BE-170B-4FD4-B550-6AAF226A96FA}.AppStore|iPhone.ActiveCfg = Debug|Any CPU
		{257F09BE-170B-4FD4-B550-6AAF226A96FA}.AppStore|iPhone.Build.0 = Debug|Any CPU
		{257F09BE-170B-4FD4-B550-6AAF226A96FA}.AppStore|iPhoneSimulator.ActiveCfg = Debug|Any CPU
		{257F09BE-170B-4FD4-B550-6AAF226A96FA}.AppStore|iPhoneSimulator.Build.0 = Debug|Any CPU
		{257F09BE-170B-4FD4-B550-6AAF226A96FA}.AppStore|x64.ActiveCfg = Debug|Any CPU
		{257F09BE-170B-4FD4-B550-6AAF226A96FA}.AppStore|x64.Build.0 = Debug|Any CPU
		{257F09BE-170B-4FD4-B550-6AAF226A96FA}.AppStore|x86.ActiveCfg = Debug|Any CPU
		{257F09BE-170B-4FD4-B550-6AAF226A96FA}.AppStore|x86.Build.0 = Debug|Any CPU
		{257F09BE-170B-4FD4-B550-6AAF226A96FA}.Debug|Any CPU.ActiveCfg = Debug|Any CPU
		{257F09BE-170B-4FD4-B550-6AAF226A96FA}.Debug|Any CPU.Build.0 = Debug|Any CPU
		{257F09BE-170B-4FD4-B550-6AAF226A96FA}.Debug|ARM.ActiveCfg = Debug|Any CPU
		{257F09BE-170B-4FD4-B550-6AAF226A96FA}.Debug|ARM.Build.0 = Debug|Any CPU
		{257F09BE-170B-4FD4-B550-6AAF226A96FA}.Debug|iPhone.ActiveCfg = Debug|Any CPU
		{257F09BE-170B-4FD4-B550-6AAF226A96FA}.Debug|iPhone.Build.0 = Debug|Any CPU
		{257F09BE-170B-4FD4-B550-6AAF226A96FA}.Debug|iPhoneSimulator.ActiveCfg = Debug|Any CPU
		{257F09BE-170B-4FD4-B550-6AAF226A96FA}.Debug|iPhoneSimulator.Build.0 = Debug|Any CPU
		{257F09BE-170B-4FD4-B550-6AAF226A96FA}.Debug|x64.ActiveCfg = Debug|Any CPU
		{257F09BE-170B-4FD4-B550-6AAF226A96FA}.Debug|x64.Build.0 = Debug|Any CPU
		{257F09BE-170B-4FD4-B550-6AAF226A96FA}.Debug|x86.ActiveCfg = Debug|Any CPU
		{257F09BE-170B-4FD4-B550-6AAF226A96FA}.Debug|x86.Build.0 = Debug|Any CPU
		{257F09BE-170B-4FD4-B550-6AAF226A96FA}.Release|Any CPU.ActiveCfg = Release|Any CPU
		{257F09BE-170B-4FD4-B550-6AAF226A96FA}.Release|Any CPU.Build.0 = Release|Any CPU
		{257F09BE-170B-4FD4-B550-6AAF226A96FA}.Release|ARM.ActiveCfg = Release|Any CPU
		{257F09BE-170B-4FD4-B550-6AAF226A96FA}.Release|ARM.Build.0 = Release|Any CPU
		{257F09BE-170B-4FD4-B550-6AAF226A96FA}.Release|iPhone.ActiveCfg = Release|Any CPU
		{257F09BE-170B-4FD4-B550-6AAF226A96FA}.Release|iPhone.Build.0 = Release|Any CPU
		{257F09BE-170B-4FD4-B550-6AAF226A96FA}.Release|iPhoneSimulator.ActiveCfg = Release|Any CPU
		{257F09BE-170B-4FD4-B550-6AAF226A96FA}.Release|iPhoneSimulator.Build.0 = Release|Any CPU
		{257F09BE-170B-4FD4-B550-6AAF226A96FA}.Release|x64.ActiveCfg = Release|Any CPU
		{257F09BE-170B-4FD4-B550-6AAF226A96FA}.Release|x64.Build.0 = Release|Any CPU
		{257F09BE-170B-4FD4-B550-6AAF226A96FA}.Release|x86.ActiveCfg = Release|Any CPU
		{257F09BE-170B-4FD4-B550-6AAF226A96FA}.Release|x86.Build.0 = Release|Any CPU
	EndGlobalSection
	GlobalSection(SolutionProperties) = preSolution
		HideSolutionNode = FALSE
	EndGlobalSection
	GlobalSection(ExtensibilityGlobals) = postSolution
		SolutionGuid = {DDCF3BE7-DE86-445F-A942-559AFDFEDEA0}
	EndGlobalSection
EndGlobal
